lockVersion: 2.0.0
id: e9f711c1-4649-4320-9317-13af98d38475
management:
  docChecksum: 598fe8a2be8e11a25b866e2994b2c61b
  docVersion: 0.0.0
  speakeasyVersion: 1.346.0
  generationVersion: 2.379.3
  releaseVersion: 0.0.1
  configChecksum: dcce2e45c8a6a920f86246f83047394b
features:
  ruby:
    core: 3.2.18
    examples: 2.81.3
    flattening: 2.81.1
    globalSecurity: 2.81.6
    globalServerURLs: 2.82.3
generatedFiles:
  - lib/open_api_sdk/sdkconfiguration.rb
  - lib/open_api_sdk/bannerify.rb
  - .rubocop.yml
  - Gemfile
  - Gemfile.lock
  - Rakefile
  - lib/open_api_sdk/utils/metadata_fields.rb
  - lib/open_api_sdk/utils/t.rb
  - lib/open_api_sdk/utils/utils.rb
  - sorbet/config
  - sorbet/rbi/annotations/.gitattributes
  - sorbet/rbi/annotations/faraday.rbi
  - sorbet/rbi/annotations/rainbow.rbi
  - sorbet/rbi/gems/.gitattributes
  - sorbet/rbi/gems/ast@2.4.2.rbi
  - sorbet/rbi/gems/base64@0.1.1.rbi
  - sorbet/rbi/gems/erubi@1.12.0.rbi
  - sorbet/rbi/gems/faraday-multipart@1.0.4.rbi
  - sorbet/rbi/gems/faraday-net_http@3.0.2.rbi
  - sorbet/rbi/gems/faraday@2.7.11.rbi
  - sorbet/rbi/gems/json@2.6.3.rbi
  - sorbet/rbi/gems/language_server-protocol@3.17.0.3.rbi
  - sorbet/rbi/gems/minitest@5.20.0.rbi
  - sorbet/rbi/gems/multipart-post@2.3.0.rbi
  - sorbet/rbi/gems/netrc@0.11.0.rbi
  - sorbet/rbi/gems/parallel@1.23.0.rbi
  - sorbet/rbi/gems/parser@3.2.2.4.rbi
  - sorbet/rbi/gems/prettier_print@1.2.1.rbi
  - sorbet/rbi/gems/racc@1.7.1.rbi
  - sorbet/rbi/gems/rack@3.0.8.rbi
  - sorbet/rbi/gems/rainbow@3.1.1.rbi
  - sorbet/rbi/gems/rake@13.0.6.rbi
  - sorbet/rbi/gems/rbi@0.1.1.rbi
  - sorbet/rbi/gems/regexp_parser@2.8.2.rbi
  - sorbet/rbi/gems/rexml@3.2.6.rbi
  - sorbet/rbi/gems/rubocop-ast@1.29.0.rbi
  - sorbet/rbi/gems/rubocop@1.57.1.rbi
  - sorbet/rbi/gems/ruby-progressbar@1.13.0.rbi
  - sorbet/rbi/gems/ruby2_keywords@0.0.5.rbi
  - sorbet/rbi/gems/spoom@1.2.4.rbi
  - sorbet/rbi/gems/syntax_tree@6.2.0.rbi
  - sorbet/rbi/gems/tapioca@0.11.9.rbi
  - sorbet/rbi/gems/thor@1.3.0.rbi
  - sorbet/rbi/gems/unicode-display_width@2.5.0.rbi
  - sorbet/rbi/gems/yard-sorbet@0.8.1.rbi
  - sorbet/rbi/gems/yard@0.9.34.rbi
  - sorbet/rbi/gems/yarp@0.13.0.rbi
  - sorbet/tapioca/config.yml
  - sorbet/tapioca/require.rb
  - openapibaaas.gemspec
  - lib/open_api_sdk/models/operations/format.rb
  - lib/open_api_sdk/models/operations/post_v1_templates_createimage_requestbody.rb
  - lib/open_api_sdk/models/operations/post_v1_templates_createimage_response.rb
  - lib/open_api_sdk/models/operations/queryparam_format.rb
  - lib/open_api_sdk/models/operations/get_v1_templates_signedurl_request.rb
  - lib/open_api_sdk/models/operations/get_v1_templates_signedurl_response.rb
  - lib/open_api_sdk/models/operations/get_v1_info_request.rb
  - lib/open_api_sdk/models/operations/get_v1_info_responsebody.rb
  - lib/open_api_sdk/models/operations/get_v1_info_response.rb
  - lib/open_api_sdk/models/shared/errinternalservererror_code.rb
  - lib/open_api_sdk/models/shared/errinternalservererror_error.rb
  - lib/open_api_sdk/models/shared/errinternalservererror.rb
  - lib/open_api_sdk/models/shared/errtoomanyrequests_code.rb
  - lib/open_api_sdk/models/shared/errtoomanyrequests_error.rb
  - lib/open_api_sdk/models/shared/errtoomanyrequests.rb
  - lib/open_api_sdk/models/shared/errconflict_code.rb
  - lib/open_api_sdk/models/shared/errconflict_error.rb
  - lib/open_api_sdk/models/shared/errconflict.rb
  - lib/open_api_sdk/models/shared/errnotfound_code.rb
  - lib/open_api_sdk/models/shared/errnotfound_error.rb
  - lib/open_api_sdk/models/shared/errnotfound.rb
  - lib/open_api_sdk/models/shared/errforbidden_code.rb
  - lib/open_api_sdk/models/shared/errforbidden_error.rb
  - lib/open_api_sdk/models/shared/errforbidden.rb
  - lib/open_api_sdk/models/shared/code.rb
  - lib/open_api_sdk/models/shared/error.rb
  - lib/open_api_sdk/models/shared/errunauthorized.rb
  - lib/open_api_sdk/models/shared/modification.rb
  - lib/open_api_sdk/models/shared/security.rb
  - lib/openapibaaas.rb
  - lib/open_api_sdk/models/operations.rb
  - lib/open_api_sdk/models/shared.rb
  - docs/models/operations/format.md
  - docs/models/operations/postv1templatescreateimagerequestbody.md
  - docs/models/operations/postv1templatescreateimageresponse.md
  - docs/models/operations/queryparamformat.md
  - docs/models/operations/getv1templatessignedurlrequest.md
  - docs/models/operations/getv1templatessignedurlresponse.md
  - docs/models/operations/getv1inforequest.md
  - docs/models/operations/getv1inforesponsebody.md
  - docs/models/operations/getv1inforesponse.md
  - docs/models/shared/errinternalservererrorcode.md
  - docs/models/shared/errinternalservererrorerror.md
  - docs/models/shared/errinternalservererror.md
  - docs/models/shared/errtoomanyrequestscode.md
  - docs/models/shared/errtoomanyrequestserror.md
  - docs/models/shared/errtoomanyrequests.md
  - docs/models/shared/errconflictcode.md
  - docs/models/shared/errconflicterror.md
  - docs/models/shared/errconflict.md
  - docs/models/shared/errnotfoundcode.md
  - docs/models/shared/errnotfounderror.md
  - docs/models/shared/errnotfound.md
  - docs/models/shared/errforbiddencode.md
  - docs/models/shared/errforbiddenerror.md
  - docs/models/shared/errforbidden.md
  - docs/models/shared/code.md
  - docs/models/shared/error.md
  - docs/models/shared/errunauthorized.md
  - docs/models/shared/modification.md
  - docs/models/shared/security.md
  - docs/sdks/bannerify/README.md
  - USAGE.md
  - .gitattributes
  - CONTRIBUTING.md
